
Microsoft Visual Studio Solution File, Format Version 12.00
# Visual Studio Version 16
VisualStudioVersion = 16.0.29209.62
MinimumVisualStudioVersion = 10.0.40219.1
Project("{9A19103F-16F7-4668-BE54-9A1E7A4F7556}") = "pmo", "pmo.csproj", "{D4BC7761-DC08-440A-89F3-918FE7F45843}"
EndProject
Global
	GlobalSection(SolutionConfigurationPlatforms) = preSolution
		Debug|Any CPU = Debug|Any CPU
		Release|Any CPU = Release|Any CPU
	EndGlobalSection
	GlobalSection(ProjectConfigurationPlatforms) = postSolution
		{D4BC7761-DC08-440A-89F3-918FE7F45843}.Debug|Any CPU.ActiveCfg = Debug|Any CPU
		{D4BC7761-DC08-440A-89F3-918FE7F45843}.Debug|Any CPU.Build.0 = Debug|Any CPU
		{D4BC7761-DC08-440A-89F3-918FE7F45843}.Release|Any CPU.ActiveCfg = Release|Any CPU
		{D4BC7761-DC08-440A-89F3-918FE7F45843}.Release|Any CPU.Build.0 = Release|Any CPU
	EndGlobalSection
	GlobalSection(SolutionProperties) = preSolution
		HideSolutionNode = FALSE
	EndGlobalSection
	GlobalSection(ExtensibilityGlobals) = postSolution
		SolutionGuid = {7C1FE216-6C80-4900-9026-AC6F50E8B623}
	EndGlobalSection
EndGlobal
